
Microsoft Visual Studio Solution File, Format Version 12.00
# Visual Studio Version 17
VisualStudioVersion = 17.6.33723.286
MinimumVisualStudioVersion = 10.0.40219.1
Project("{9A19103F-16F7-4668-BE54-9A1E7A4F7556}") = "PzuCwiczenia.WebApi", "PzuCwiczenia.WebApi\PzuCwiczenia.WebApi.csproj", "{0A9D6CFF-9C7F-432B-BB66-2A1D9D605DC6}"
EndProject
Project("{FAE04EC0-301F-11D3-BF4B-00C04F79EFBC}") = "PzuCwiczenia.Services", "PzuCwiczenia.Services\PzuCwiczenia.Services.csproj", "{4C733356-5373-4DA5-9B15-4B93FA93F3E3}"
EndProject
Project("{FAE04EC0-301F-11D3-BF4B-00C04F79EFBC}") = "PzuCwiczenia.Infrastructure", "PzuCwiczenia.Infrastructure\PzuCwiczenia.Infrastructure.csproj", "{2144EE09-2AE4-4091-9F16-563754CC5289}"
EndProject
Global
	GlobalSection(SolutionConfigurationPlatforms) = preSolution
		Debug|Any CPU = Debug|Any CPU
		Release|Any CPU = Release|Any CPU
	EndGlobalSection
	GlobalSection(ProjectConfigurationPlatforms) = postSolution
		{0A9D6CFF-9C7F-432B-BB66-2A1D9D605DC6}.Debug|Any CPU.ActiveCfg = Debug|Any CPU
		{0A9D6CFF-9C7F-432B-BB66-2A1D9D605DC6}.Debug|Any CPU.Build.0 = Debug|Any CPU
		{0A9D6CFF-9C7F-432B-BB66-2A1D9D605DC6}.Release|Any CPU.ActiveCfg = Release|Any CPU
		{0A9D6CFF-9C7F-432B-BB66-2A1D9D605DC6}.Release|Any CPU.Build.0 = Release|Any CPU
		{4C733356-5373-4DA5-9B15-4B93FA93F3E3}.Debug|Any CPU.ActiveCfg = Debug|Any CPU
		{4C733356-5373-4DA5-9B15-4B93FA93F3E3}.Debug|Any CPU.Build.0 = Debug|Any CPU
		{4C733356-5373-4DA5-9B15-4B93FA93F3E3}.Release|Any CPU.ActiveCfg = Release|Any CPU
		{4C733356-5373-4DA5-9B15-4B93FA93F3E3}.Release|Any CPU.Build.0 = Release|Any CPU
		{2144EE09-2AE4-4091-9F16-563754CC5289}.Debug|Any CPU.ActiveCfg = Debug|Any CPU
		{2144EE09-2AE4-4091-9F16-563754CC5289}.Debug|Any CPU.Build.0 = Debug|Any CPU
		{2144EE09-2AE4-4091-9F16-563754CC5289}.Release|Any CPU.ActiveCfg = Release|Any CPU
		{2144EE09-2AE4-4091-9F16-563754CC5289}.Release|Any CPU.Build.0 = Release|Any CPU
	EndGlobalSection
	GlobalSection(SolutionProperties) = preSolution
		HideSolutionNode = FALSE
	EndGlobalSection
	GlobalSection(ExtensibilityGlobals) = postSolution
		SolutionGuid = {D8692E55-63F6-437E-9429-8225CF6A8AD2}
	EndGlobalSection
EndGlobal
